
Microsoft Visual Studio Solution File, Format Version 12.00
# Visual Studio 15
VisualStudioVersion = 15.0.28307.539
MinimumVisualStudioVersion = 10.0.40219.1
Project("{FAE04EC0-301F-11D3-BF4B-00C04F79EFBC}") = "CassandraCSW", "CassandraCSW\CassandraCSW.csproj", "{52CE3514-AE45-42D2-8FAB-5726B3074000}"
EndProject
Global
	GlobalSection(SolutionConfigurationPlatforms) = preSolution
		Debug|Any CPU = Debug|Any CPU
		Release|Any CPU = Release|Any CPU
	EndGlobalSection
	GlobalSection(ProjectConfigurationPlatforms) = postSolution
		{52CE3514-AE45-42D2-8FAB-5726B3074000}.Debug|Any CPU.ActiveCfg = Debug|Any CPU
		{52CE3514-AE45-42D2-8FAB-5726B3074000}.Debug|Any CPU.Build.0 = Debug|Any CPU
		{52CE3514-AE45-42D2-8FAB-5726B3074000}.Release|Any CPU.ActiveCfg = Release|Any CPU
		{52CE3514-AE45-42D2-8FAB-5726B3074000}.Release|Any CPU.Build.0 = Release|Any CPU
	EndGlobalSection
	GlobalSection(SolutionProperties) = preSolution
		HideSolutionNode = FALSE
	EndGlobalSection
	GlobalSection(ExtensibilityGlobals) = postSolution
		SolutionGuid = {DEE83CAD-896A-4598-B3F7-7F2C972A62F7}
	EndGlobalSection
EndGlobal
